PODS:
  - KeychainAccess (3.1.0)
  - Kinvey (3.12.2):
    - KeychainAccess (~> 3.0)
    - ObjectMapper (~> 3.0)
    - PromiseKit (~> 4.0)
    - PubNub (~> 4.0)
    - Realm (~> 3.0)
    - RealmSwift (~> 3.0)
    - XCGLogger (~> 6.0)
  - ObjcExceptionBridging (1.0.1):
    - ObjcExceptionBridging/ObjcExceptionBridging (= 1.0.1)
  - ObjcExceptionBridging/ObjcExceptionBridging (1.0.1)
  - ObjectMapper (3.1.0)
  - PromiseKit (4.5.2):
    - PromiseKit/Foundation (= 4.5.2)
    - PromiseKit/QuartzCore (= 4.5.2)
    - PromiseKit/UIKit (= 4.5.2)
  - PromiseKit/CorePromise (4.5.2)
  - PromiseKit/Foundation (4.5.2):
    - PromiseKit/CorePromise
  - PromiseKit/QuartzCore (4.5.2):
    - PromiseKit/CorePromise
  - PromiseKit/UIKit (4.5.2):
    - PromiseKit/CorePromise
  - PubNub (4.7.7):
    - PubNub/Core (= 4.7.7)
  - PubNub/Core (4.7.7)
  - Realm (3.1.1):
    - Realm/Headers (= 3.1.1)
  - Realm/Headers (3.1.1)
  - RealmSwift (3.1.1):
    - Realm (= 3.1.1)
  - SVProgressHUD (2.2.5)
  - SwiftyJSON (4.0.0)
  - XCGLogger (6.0.2):
    - XCGLogger/Core (= 6.0.2)
  - XCGLogger/Core (6.0.2):
    - ObjcExceptionBridging

DEPENDENCIES:
  - Kinvey
  - SVProgressHUD
  - SwiftyJSON

SPEC CHECKSUMS:
  KeychainAccess: 94c5540b32eabf7bc32bfb976a268e8ea05fd6da
  Kinvey: ed68c8e876874b8585b56ede0c1cffb04d9f9c98
  ObjcExceptionBridging: c30e00eb3700467e695faeea30e26e18bd445001
  ObjectMapper: 20505058f54e5c3ca69e1d6de9897d152a5369a6
  PromiseKit: 743e497a5f505a470d3bbbf4ce0663c1268af0a4
  PubNub: 3493f9dd62b6d07579ddae5183ab0a0f2ac54091
  Realm: 42d1c38a5b1bbcc828b48a7ce702cb86fc68adf4
  RealmSwift: d31937ca6a6ee54acde64ec839523c0a3c04924b
  SVProgressHUD: 1428aafac632c1f86f62aa4243ec12008d7a51d6
  SwiftyJSON: 070dabdcb1beb81b247c65ffa3a79dbbfb3b48aa
  XCGLogger: c9601cae9a8912de34a58666ba931ed3d624dd31

PODFILE CHECKSUM: 8c436507051bf317902fc647050b58c0787b4448

COCOAPODS: 1.4.0
